// !$*UTF8*$!
{
	archiveVersion = 1;
	classes = {
	};
	objectVersion = 52;
	objects = {

/* Begin PBXBuildFile section */
		6661927A2512249A0021F6D8 /* Then in Frameworks */ = {isa = PBXBuildFile; productRef = 666192792512249A0021F6D8 /* Then */; };
		6661927E2512333B0021F6D8 /* FontManager.swift in Sources */ = {isa = PBXBuildFile; fileRef = 6661927D2512333B0021F6D8 /* FontManager.swift */; };
		6661927F2512333B0021F6D8 /* FontManager.swift in Sources */ = {isa = PBXBuildFile; fileRef = 6661927D2512333B0021F6D8 /* FontManager.swift */; };
		666192852512344C0021F6D8 /* CharacterInfo.swift in Sources */ = {isa = PBXBuildFile; fileRef = 666192842512344C0021F6D8 /* CharacterInfo.swift */; };
		666192862512344C0021F6D8 /* CharacterInfo.swift in Sources */ = {isa = PBXBuildFile; fileRef = 666192842512344C0021F6D8 /* CharacterInfo.swift */; };
		6661928A251234850021F6D8 /* CharacterSet+Ext.swift in Sources */ = {isa = PBXBuildFile; fileRef = 66619289251234850021F6D8 /* CharacterSet+Ext.swift */; };
		6661928B251234850021F6D8 /* CharacterSet+Ext.swift in Sources */ = {isa = PBXBuildFile; fileRef = 66619289251234850021F6D8 /* CharacterSet+Ext.swift */; };
		66982A1424C875E6006C2B19 /* IconfontPreviewApp.swift in Sources */ = {isa = PBXBuildFile; fileRef = 66982A0024C875E5006C2B19 /* IconfontPreviewApp.swift */; };
		66982A1524C875E6006C2B19 /* IconfontPreviewApp.swift in Sources */ = {isa = PBXBuildFile; fileRef = 66982A0024C875E5006C2B19 /* IconfontPreviewApp.swift */; };
		66982A1624C875E6006C2B19 /* IconfontPreviewDocument.swift in Sources */ = {isa = PBXBuildFile; fileRef = 66982A0124C875E5006C2B19 /* IconfontPreviewDocument.swift */; };
		66982A1724C875E6006C2B19 /* IconfontPreviewDocument.swift in Sources */ = {isa = PBXBuildFile; fileRef = 66982A0124C875E5006C2B19 /* IconfontPreviewDocument.swift */; };
		66982A1824C875E6006C2B19 /* ContentView.swift in Sources */ = {isa = PBXBuildFile; fileRef = 66982A0224C875E5006C2B19 /* ContentView.swift */; };
		66982A1924C875E6006C2B19 /* ContentView.swift in Sources */ = {isa = PBXBuildFile; fileRef = 66982A0224C875E5006C2B19 /* ContentView.swift */; };
		66982A1A24C875E6006C2B19 /* Assets.xcassets in Resources */ = {isa = PBXBuildFile; fileRef = 66982A0324C875E6006C2B19 /* Assets.xcassets */; };
		66982A1B24C875E6006C2B19 /* Assets.xcassets in Resources */ = {isa = PBXBuildFile; fileRef = 66982A0324C875E6006C2B19 /* Assets.xcassets */; };
		66C3CD642513670B0008A791 /* Character+Ext.swift in Sources */ = {isa = PBXBuildFile; fileRef = 66C3CD632513670B0008A791 /* Character+Ext.swift */; };
		66C3CD652513670B0008A791 /* Character+Ext.swift in Sources */ = {isa = PBXBuildFile; fileRef = 66C3CD632513670B0008A791 /* Character+Ext.swift */; };
		66C3CD6B251367350008A791 /* UTType+Ext.swift in Sources */ = {isa = PBXBuildFile; fileRef = 66C3CD6A251367350008A791 /* UTType+Ext.swift */; };
		66C3CD6C251367350008A791 /* UTType+Ext.swift in Sources */ = {isa = PBXBuildFile; fileRef = 66C3CD6A251367350008A791 /* UTType+Ext.swift */; };
/* End PBXBuildFile section */

/* Begin PBXFileReference section */
		6661927D2512333B0021F6D8 /* FontManager.swift */ = {isa = PBXFileReference; fileEncoding = 4; lastKnownFileType = sourcecode.swift; path = FontManager.swift; sourceTree = "<group>"; };
		666192842512344C0021F6D8 /* CharacterInfo.swift */ = {isa = PBXFileReference; fileEncoding = 4; lastKnownFileType = sourcecode.swift; path = CharacterInfo.swift; sourceTree = "<group>"; };
		66619289251234850021F6D8 /* CharacterSet+Ext.swift */ = {isa = PBXFileReference; fileEncoding = 4; lastKnownFileType = sourcecode.swift; path = "CharacterSet+Ext.swift"; sourceTree = "<group>"; };
		66982A0024C875E5006C2B19 /* IconfontPreviewApp.swift */ = {isa = PBXFileReference; lastKnownFileType = sourcecode.swift; path = IconfontPreviewApp.swift; sourceTree = "<group>"; };
		66982A0124C875E5006C2B19 /* IconfontPreviewDocument.swift */ = {isa = PBXFileReference; lastKnownFileType = sourcecode.swift; path = IconfontPreviewDocument.swift; sourceTree = "<group>"; };
		66982A0224C875E5006C2B19 /* ContentView.swift */ = {isa = PBXFileReference; lastKnownFileType = sourcecode.swift; path = ContentView.swift; sourceTree = "<group>"; };
		66982A0324C875E6006C2B19 /* Assets.xcassets */ = {isa = PBXFileReference; lastKnownFileType = folder.assetcatalog; path = Assets.xcassets; sourceTree = "<group>"; };
		66982A0824C875E6006C2B19 /* IconfontPreview.app */ = {isa = PBXFileReference; explicitFileType = wrapper.application; includeInIndex = 0; path = IconfontPreview.app; sourceTree = BUILT_PRODUCTS_DIR; };
		66982A0B24C875E6006C2B19 /* Info.plist */ = {isa = PBXFileReference; lastKnownFileType = text.plist.xml; path = Info.plist; sourceTree = "<group>"; };
		66982A1024C875E6006C2B19 /* IconfontPreview.app */ = {isa = PBXFileReference; explicitFileType = wrapper.application; includeInIndex = 0; path = IconfontPreview.app; sourceTree = BUILT_PRODUCTS_DIR; };
		66982A1224C875E6006C2B19 /* Info.plist */ = {isa = PBXFileReference; lastKnownFileType = text.plist.xml; path = Info.plist; sourceTree = "<group>"; };
		66982A1324C875E6006C2B19 /* macOS.entitlements */ = {isa = PBXFileReference; lastKnownFileType = text.plist.entitlements; path = macOS.entitlements; sourceTree = "<group>"; };
		66C3CD632513670B0008A791 /* Character+Ext.swift */ = {isa = PBXFileReference; lastKnownFileType = sourcecode.swift; path = "Character+Ext.swift"; sourceTree = "<group>"; };
		66C3CD6A251367350008A791 /* UTType+Ext.swift */ = {isa = PBXFileReference; lastKnownFileType = sourcecode.swift; path = "UTType+Ext.swift"; sourceTree = "<group>"; };
/* End PBXFileReference section */

/* Begin PBXFrameworksBuildPhase section */
		66982A0524C875E6006C2B19 /* Frameworks */ = {
			isa = PBXFrameworksBuildPhase;
			buildActionMask = 2147483647;
			files = (
				6661927A2512249A0021F6D8 /* Then in Frameworks */,
			);
			runOnlyForDeploymentPostprocessing = 0;
		};
		66982A0D24C875E6006C2B19 /* Frameworks */ = {
			isa = PBXFrameworksBuildPhase;
			buildActionMask = 2147483647;
			files = (
			);
			runOnlyForDeploymentPostprocessing = 0;
		};
/* End PBXFrameworksBuildPhase section */

/* Begin PBXGroup section */
		669829FA24C875E5006C2B19 = {
			isa = PBXGroup;
			children = (
				669829FF24C875E5006C2B19 /* Shared */,
				66982A0A24C875E6006C2B19 /* iOS */,
				66982A1124C875E6006C2B19 /* macOS */,
				66982A0924C875E6006C2B19 /* Products */,
			);
			sourceTree = "<group>";
		};
		669829FF24C875E5006C2B19 /* Shared */ = {
			isa = PBXGroup;
			children = (
				66C3CD632513670B0008A791 /* Character+Ext.swift */,
				666192842512344C0021F6D8 /* CharacterInfo.swift */,
				66619289251234850021F6D8 /* CharacterSet+Ext.swift */,
				66982A0224C875E5006C2B19 /* ContentView.swift */,
				6661927D2512333B0021F6D8 /* FontManager.swift */,
				66982A0024C875E5006C2B19 /* IconfontPreviewApp.swift */,
				66982A0124C875E5006C2B19 /* IconfontPreviewDocument.swift */,
				66C3CD6A251367350008A791 /* UTType+Ext.swift */,
				66982A0324C875E6006C2B19 /* Assets.xcassets */,
			);
			path = Shared;
			sourceTree = "<group>";
		};
		66982A0924C875E6006C2B19 /* Products */ = {
			isa = PBXGroup;
			children = (
				66982A0824C875E6006C2B19 /* IconfontPreview.app */,
				66982A1024C875E6006C2B19 /* IconfontPreview.app */,
			);
			name = Products;
			sourceTree = "<group>";
		};
		66982A0A24C875E6006C2B19 /* iOS */ = {
			isa = PBXGroup;
			children = (
				66982A0B24C875E6006C2B19 /* Info.plist */,
			);
			path = iOS;
			sourceTree = "<group>";
		};
		66982A1124C875E6006C2B19 /* macOS */ = {
			isa = PBXGroup;
			children = (
				66982A1224C875E6006C2B19 /* Info.plist */,
				66982A1324C875E6006C2B19 /* macOS.entitlements */,
			);
			path = macOS;
			sourceTree = "<group>";
		};
/* End PBXGroup section */

/* Begin PBXNativeTarget section */
		66982A0724C875E6006C2B19 /* IconfontPreview (iOS) */ = {
			isa = PBXNativeTarget;
			buildConfigurationList = 66982A1E24C875E6006C2B19 /* Build configuration list for PBXNativeTarget "IconfontPreview (iOS)" */;
			buildPhases = (
				66982A0424C875E6006C2B19 /* Sources */,
				66982A0524C875E6006C2B19 /* Frameworks */,
				66982A0624C875E6006C2B19 /* Resources */,
			);
			buildRules = (
			);
			dependencies = (
			);
			name = "IconfontPreview (iOS)";
			packageProductDependencies = (
				666192792512249A0021F6D8 /* Then */,
			);
			productName = "IconfontPreview (iOS)";
			productReference = 66982A0824C875E6006C2B19 /* IconfontPreview.app */;
			productType = "com.apple.product-type.application";
		};
		66982A0F24C875E6006C2B19 /* IconfontPreview (macOS) */ = {
			isa = PBXNativeTarget;
			buildConfigurationList = 66982A2124C875E6006C2B19 /* Build configuration list for PBXNativeTarget "IconfontPreview (macOS)" */;
			buildPhases = (
				66982A0C24C875E6006C2B19 /* Sources */,
				66982A0D24C875E6006C2B19 /* Frameworks */,
				66982A0E24C875E6006C2B19 /* Resources */,
			);
			buildRules = (
			);
			dependencies = (
			);
			name = "IconfontPreview (macOS)";
			productName = "IconfontPreview (macOS)";
			productReference = 66982A1024C875E6006C2B19 /* IconfontPreview.app */;
			productType = "com.apple.product-type.application";
		};
/* End PBXNativeTarget section */

/* Begin PBXProject section */
		669829FB24C875E5006C2B19 /* Project object */ = {
			isa = PBXProject;
			attributes = {
				LastSwiftUpdateCheck = 1200;
				LastUpgradeCheck = 1200;
				TargetAttributes = {
					66982A0724C875E6006C2B19 = {
						CreatedOnToolsVersion = 12.0;
					};
					66982A0F24C875E6006C2B19 = {
						CreatedOnToolsVersion = 12.0;
					};
				};
			};
			buildConfigurationList = 669829FE24C875E5006C2B19 /* Build configuration list for PBXProject "IconfontPreview" */;
			compatibilityVersion = "Xcode 9.3";
			developmentRegion = en;
			hasScannedForEncodings = 0;
			knownRegions = (
				en,
				Base,
			);
			mainGroup = 669829FA24C875E5006C2B19;
			packageReferences = (
				666192782512249A0021F6D8 /* XCRemoteSwiftPackageReference "Then" */,
			);
			productRefGroup = 66982A0924C875E6006C2B19 /* Products */;
			projectDirPath = "";
			projectRoot = "";
			targets = (
				66982A0724C875E6006C2B19 /* IconfontPreview (iOS) */,
				66982A0F24C875E6006C2B19 /* IconfontPreview (macOS) */,
			);
		};
/* End PBXProject section */

/* Begin PBXResourcesBuildPhase section */
		66982A0624C875E6006C2B19 /* Resources */ = {
			isa = PBXResourcesBuildPhase;
			buildActionMask = 2147483647;
			files = (
				66982A1A24C875E6006C2B19 /* Assets.xcassets in Resources */,
			);
			runOnlyForDeploymentPostprocessing = 0;
		};
		66982A0E24C875E6006C2B19 /* Resources */ = {
			isa = PBXResourcesBuildPhase;
			buildActionMask = 2147483647;
			files = (
				66982A1B24C875E6006C2B19 /* Assets.xcassets in Resources */,
			);
			runOnlyForDeploymentPostprocessing = 0;
		};
/* End PBXResourcesBuildPhase section */

/* Begin PBXSourcesBuildPhase section */
		66982A0424C875E6006C2B19 /* Sources */ = {
			isa = PBXSourcesBuildPhase;
			buildActionMask = 2147483647;
			files = (
				66982A1424C875E6006C2B19 /* IconfontPreviewApp.swift in Sources */,
				66982A1624C875E6006C2B19 /* IconfontPreviewDocument.swift in Sources */,
				66C3CD6B251367350008A791 /* UTType+Ext.swift in Sources */,
				666192852512344C0021F6D8 /* CharacterInfo.swift in Sources */,
				66C3CD642513670B0008A791 /* Character+Ext.swift in Sources */,
				6661927E2512333B0021F6D8 /* FontManager.swift in Sources */,
				6661928A251234850021F6D8 /* CharacterSet+Ext.swift in Sources */,
				66982A1824C875E6006C2B19 /* ContentView.swift in Sources */,
			);
			runOnlyForDeploymentPostprocessing = 0;
		};
		66982A0C24C875E6006C2B19 /* Sources */ = {
			isa = PBXSourcesBuildPhase;
			buildActionMask = 2147483647;
			files = (
				66982A1524C875E6006C2B19 /* IconfontPreviewApp.swift in Sources */,
				66982A1724C875E6006C2B19 /* IconfontPreviewDocument.swift in Sources */,
				66C3CD6C251367350008A791 /* UTType+Ext.swift in Sources */,
				666192862512344C0021F6D8 /* CharacterInfo.swift in Sources */,
				66C3CD652513670B0008A791 /* Character+Ext.swift in Sources */,
				6661927F2512333B0021F6D8 /* FontManager.swift in Sources */,
				6661928B251234850021F6D8 /* CharacterSet+Ext.swift in Sources */,
				66982A1924C875E6006C2B19 /* ContentView.swift in Sources */,
			);
			runOnlyForDeploymentPostprocessing = 0;
		};
/* End PBXSourcesBuildPhase section */

/* Begin XCBuildConfiguration section */
		66982A1C24C875E6006C2B19 /* Debug */ = {
			isa = XCBuildConfiguration;
			buildSettings = {
				ALWAYS_SEARCH_USER_PATHS = NO;
				CLANG_ANALYZER_NONNULL = YES;
				CLANG_ANALYZER_NUMBER_OBJECT_CONVERSION = YES_AGGRESSIVE;
				CLANG_CXX_LANGUAGE_STANDARD = "gnu++14";
				CLANG_CXX_LIBRARY = "libc++";
				CLANG_ENABLE_MODULES = YES;
				CLANG_ENABLE_OBJC_ARC = YES;
				CLANG_ENABLE_OBJC_WEAK = YES;
				CLANG_WARN_BLOCK_CAPTURE_AUTORELEASING = YES;
				CLANG_WARN_BOOL_CONVERSION = YES;
				CLANG_WARN_COMMA = YES;
				CLANG_WARN_CONSTANT_CONVERSION = YES;
				CLANG_WARN_DEPRECATED_OBJC_IMPLEMENTATIONS = YES;
				CLANG_WARN_DIRECT_OBJC_ISA_USAGE = YES_ERROR;
				CLANG_WARN_DOCUMENTATION_COMMENTS = YES;
				CLANG_WARN_EMPTY_BODY = YES;
				CLANG_WARN_ENUM_CONVERSION = YES;
				CLANG_WARN_INFINITE_RECURSION = YES;
				CLANG_WARN_INT_CONVERSION = YES;
				CLANG_WARN_NON_LITERAL_NULL_CONVERSION = YES;
				CLANG_WARN_OBJC_IMPLICIT_RETAIN_SELF = YES;
				CLANG_WARN_OBJC_LITERAL_CONVERSION = YES;
				CLANG_WARN_OBJC_ROOT_CLASS = YES_ERROR;
				CLANG_WARN_QUOTED_INCLUDE_IN_FRAMEWORK_HEADER = YES;
				CLANG_WARN_RANGE_LOOP_ANALYSIS = YES;
				CLANG_WARN_STRICT_PROTOTYPES = YES;
				CLANG_WARN_SUSPICIOUS_MOVE = YES;
				CLANG_WARN_UNGUARDED_AVAILABILITY = YES_AGGRESSIVE;
				CLANG_WARN_UNREACHABLE_CODE = YES;
				CLANG_WARN__DUPLICATE_METHOD_MATCH = YES;
				COPY_PHASE_STRIP = NO;
				DEBUG_INFORMATION_FORMAT = dwarf;
				ENABLE_STRICT_OBJC_MSGSEND = YES;
				ENABLE_TESTABILITY = YES;
				GCC_C_LANGUAGE_STANDARD = gnu11;
				GCC_DYNAMIC_NO_PIC = NO;
				GCC_NO_COMMON_BLOCKS = YES;
				GCC_OPTIMIZATION_LEVEL = 0;
				GCC_PREPROCESSOR_DEFINITIONS = (
					"DEBUG=1",
					"$(inherited)",
				);
				GCC_WARN_64_TO_32_BIT_CONVERSION = YES;
				GCC_WARN_ABOUT_RETURN_TYPE = YES_ERROR;
				GCC_WARN_UNDECLARED_SELECTOR = YES;
				GCC_WARN_UNINITIALIZED_AUTOS = YES_AGGRESSIVE;
				GCC_WARN_UNUSED_FUNCTION = YES;
				GCC_WARN_UNUSED_VARIABLE = YES;
				IPHONEOS_DEPLOYMENT_TARGET = 14.0;
				MACOSX_DEPLOYMENT_TARGET = 10.16;
				MTL_ENABLE_DEBUG_INFO = INCLUDE_SOURCE;
				MTL_FAST_MATH = YES;
				ONLY_ACTIVE_ARCH = YES;
				SWIFT_ACTIVE_COMPILATION_CONDITIONS = DEBUG;
				SWIFT_OPTIMIZATION_LEVEL = "-Onone";
			};
			name = Debug;
		};
		66982A1D24C875E6006C2B19 /* Release */ = {
			isa = XCBuildConfiguration;
			buildSettings = {
				ALWAYS_SEARCH_USER_PATHS = NO;
				CLANG_ANALYZER_NONNULL = YES;
				CLANG_ANALYZER_NUMBER_OBJECT_CONVERSION = YES_AGGRESSIVE;
				CLANG_CXX_LANGUAGE_STANDARD = "gnu++14";
				CLANG_CXX_LIBRARY = "libc++";
				CLANG_ENABLE_MODULES = YES;
				CLANG_ENABLE_OBJC_ARC = YES;
				CLANG_ENABLE_OBJC_WEAK = YES;
				CLANG_WARN_BLOCK_CAPTURE_AUTORELEASING = YES;
				CLANG_WARN_BOOL_CONVERSION = YES;
				CLANG_WARN_COMMA = YES;
				CLANG_WARN_CONSTANT_CONVERSION = YES;
				CLANG_WARN_DEPRECATED_OBJC_IMPLEMENTATIONS = YES;
				CLANG_WARN_DIRECT_OBJC_ISA_USAGE = YES_ERROR;
				CLANG_WARN_DOCUMENTATION_COMMENTS = YES;
				CLANG_WARN_EMPTY_BODY = YES;
				CLANG_WARN_ENUM_CONVERSION = YES;
				CLANG_WARN_INFINITE_RECURSION = YES;
				CLANG_WARN_INT_CONVERSION = YES;
				CLANG_WARN_NON_LITERAL_NULL_CONVERSION = YES;
				CLANG_WARN_OBJC_IMPLICIT_RETAIN_SELF = YES;
				CLANG_WARN_OBJC_LITERAL_CONVERSION = YES;
				CLANG_WARN_OBJC_ROOT_CLASS = YES_ERROR;
				CLANG_WARN_QUOTED_INCLUDE_IN_FRAMEWORK_HEADER = YES;
				CLANG_WARN_RANGE_LOOP_ANALYSIS = YES;
				CLANG_WARN_STRICT_PROTOTYPES = YES;
				CLANG_WARN_SUSPICIOUS_MOVE = YES;
				CLANG_WARN_UNGUARDED_AVAILABILITY = YES_AGGRESSIVE;
				CLANG_WARN_UNREACHABLE_CODE = YES;
				CLANG_WARN__DUPLICATE_METHOD_MATCH = YES;
				COPY_PHASE_STRIP = NO;
				DEBUG_INFORMATION_FORMAT = "dwarf-with-dsym";
				ENABLE_NS_ASSERTIONS = NO;
				ENABLE_STRICT_OBJC_MSGSEND = YES;
				GCC_C_LANGUAGE_STANDARD = gnu11;
				GCC_NO_COMMON_BLOCKS = YES;
				GCC_WARN_64_TO_32_BIT_CONVERSION = YES;
				GCC_WARN_ABOUT_RETURN_TYPE = YES_ERROR;
				GCC_WARN_UNDECLARED_SELECTOR = YES;
				GCC_WARN_UNINITIALIZED_AUTOS = YES_AGGRESSIVE;
				GCC_WARN_UNUSED_FUNCTION = YES;
				GCC_WARN_UNUSED_VARIABLE = YES;
				IPHONEOS_DEPLOYMENT_TARGET = 14.0;
				MACOSX_DEPLOYMENT_TARGET = 10.16;
				MTL_ENABLE_DEBUG_INFO = NO;
				MTL_FAST_MATH = YES;
				SWIFT_COMPILATION_MODE = wholemodule;
				SWIFT_OPTIMIZATION_LEVEL = "-O";
			};
			name = Release;
		};
		66982A1F24C875E6006C2B19 /* Debug */ = {
			isa = XCBuildConfiguration;
			buildSettings = {
				ASSETCATALOG_COMPILER_APPICON_NAME = AppIcon;
				ASSETCATALOG_COMPILER_GLOBAL_ACCENT_COLOR_NAME = AccentColor;
				CODE_SIGN_STYLE = Automatic;
				DEVELOPMENT_TEAM = CY25956VB2;
				ENABLE_PREVIEWS = YES;
				INFOPLIST_FILE = iOS/Info.plist;
				IPHONEOS_DEPLOYMENT_TARGET = 14.0;
				LD_RUNPATH_SEARCH_PATHS = (
					"$(inherited)",
					"@executable_path/Frameworks",
				);
				PRODUCT_BUNDLE_IDENTIFIER = win.opencode.IconfontPreview;
				PRODUCT_NAME = IconfontPreview;
				SDKROOT = iphoneos;
				SWIFT_VERSION = 5.0;
				TARGETED_DEVICE_FAMILY = "1,2";
			};
			name = Debug;
		};
		66982A2024C875E6006C2B19 /* Release */ = {
			isa = XCBuildConfiguration;
			buildSettings = {
				ASSETCATALOG_COMPILER_APPICON_NAME = AppIcon;
				ASSETCATALOG_COMPILER_GLOBAL_ACCENT_COLOR_NAME = AccentColor;
				CODE_SIGN_STYLE = Automatic;
				DEVELOPMENT_TEAM = CY25956VB2;
				ENABLE_PREVIEWS = YES;
				INFOPLIST_FILE = iOS/Info.plist;
				IPHONEOS_DEPLOYMENT_TARGET = 14.0;
				LD_RUNPATH_SEARCH_PATHS = (
					"$(inherited)",
					"@executable_path/Frameworks",
				);
				PRODUCT_BUNDLE_IDENTIFIER = win.opencode.IconfontPreview;
				PRODUCT_NAME = IconfontPreview;
				SDKROOT = iphoneos;
				SWIFT_VERSION = 5.0;
				TARGETED_DEVICE_FAMILY = "1,2";
				VALIDATE_PRODUCT = YES;
			};
			name = Release;
		};
		66982A2224C875E6006C2B19 /* Debug */ = {
			isa = XCBuildConfiguration;
			buildSettings = {
				ASSETCATALOG_COMPILER_APPICON_NAME = AppIcon;
				ASSETCATALOG_COMPILER_GLOBAL_ACCENT_COLOR_NAME = AccentColor;
				CODE_SIGN_ENTITLEMENTS = macOS/macOS.entitlements;
				CODE_SIGN_STYLE = Automatic;
				COMBINE_HIDPI_IMAGES = YES;
				DEVELOPMENT_TEAM = CY25956VB2;
				ENABLE_HARDENED_RUNTIME = YES;
				ENABLE_PREVIEWS = YES;
				INFOPLIST_FILE = macOS/Info.plist;
				LD_RUNPATH_SEARCH_PATHS = (
					"$(inherited)",
					"@executable_path/../Frameworks",
				);
				MACOSX_DEPLOYMENT_TARGET = 10.16;
				PRODUCT_BUNDLE_IDENTIFIER = win.opencode.IconfontPreview;
				PRODUCT_NAME = IconfontPreview;
				SDKROOT = macosx;
				SWIFT_VERSION = 5.0;
			};
			name = Debug;
		};
		66982A2324C875E6006C2B19 /* Release */ = {
			isa = XCBuildConfiguration;
			buildSettings = {
				ASSETCATALOG_COMPILER_APPICON_NAME = AppIcon;
				ASSETCATALOG_COMPILER_GLOBAL_ACCENT_COLOR_NAME = AccentColor;
				CODE_SIGN_ENTITLEMENTS = macOS/macOS.entitlements;
				CODE_SIGN_STYLE = Automatic;
				COMBINE_HIDPI_IMAGES = YES;
				DEVELOPMENT_TEAM = CY25956VB2;
				ENABLE_HARDENED_RUNTIME = YES;
				ENABLE_PREVIEWS = YES;
				INFOPLIST_FILE = macOS/Info.plist;
				LD_RUNPATH_SEARCH_PATHS = (
					"$(inherited)",
					"@executable_path/../Frameworks",
				);
				MACOSX_DEPLOYMENT_TARGET = 10.16;
				PRODUCT_BUNDLE_IDENTIFIER = win.opencode.IconfontPreview;
				PRODUCT_NAME = IconfontPreview;
				SDKROOT = macosx;
				SWIFT_VERSION = 5.0;
			};
			name = Release;
		};
/* End XCBuildConfiguration section */

/* Begin XCConfigurationList section */
		669829FE24C875E5006C2B19 /* Build configuration list for PBXProject "IconfontPreview" */ = {
			isa = XCConfigurationList;
			buildConfigurations = (
				66982A1C24C875E6006C2B19 /* Debug */,
				66982A1D24C875E6006C2B19 /* Release */,
			);
			defaultConfigurationIsVisible = 0;
			defaultConfigurationName = Release;
		};
		66982A1E24C875E6006C2B19 /* Build configuration list for PBXNativeTarget "IconfontPreview (iOS)" */ = {
			isa = XCConfigurationList;
			buildConfigurations = (
				66982A1F24C875E6006C2B19 /* Debug */,
				66982A2024C875E6006C2B19 /* Release */,
			);
			defaultConfigurationIsVisible = 0;
			defaultConfigurationName = Release;
		};
		66982A2124C875E6006C2B19 /* Build configuration list for PBXNativeTarget "IconfontPreview (macOS)" */ = {
			isa = XCConfigurationList;
			buildConfigurations = (
				66982A2224C875E6006C2B19 /* Debug */,
				66982A2324C875E6006C2B19 /* Release */,
			);
			defaultConfigurationIsVisible = 0;
			defaultConfigurationName = Release;
		};
/* End XCConfigurationList section */

/* Begin XCRemoteSwiftPackageReference section */
		666192782512249A0021F6D8 /* XCRemoteSwiftPackageReference "Then" */ = {
			isa = XCRemoteSwiftPackageReference;
			repositoryURL = "git@github.com:devxoul/Then.git";
			requirement = {
				kind = exactVersion;
				version = 2.7.0;
			};
		};
/* End XCRemoteSwiftPackageReference section */

/* Begin XCSwiftPackageProductDependency section */
		666192792512249A0021F6D8 /* Then */ = {
			isa = XCSwiftPackageProductDependency;
			package = 666192782512249A0021F6D8 /* XCRemoteSwiftPackageReference "Then" */;
			productName = Then;
		};
/* End XCSwiftPackageProductDependency section */
	};
	rootObject = 669829FB24C875E5006C2B19 /* Project object */;
}
